PODS:
  - flutter_inappwebview (0.0.1):
    - FlutterMacOS
    - OrderedSet (~> 5.0)
  - FlutterMacOS (1.0.0)
  - FMDB (2.7.5):
    - FMDB/standard (= 2.7.5)
  - FMDB/standard (2.7.5)
  - OrderedSet (5.0.0)
  - path_provider_macos (0.0.1):
    - FlutterMacOS
  - shared_preferences_macos (0.0.1):
    - FlutterMacOS
  - sqflite (0.0.2):
    - FlutterMacOS
    - FMDB (>= 2.7.5)
  - youui (0.0.1):
    - FlutterMacOS

DEPENDENCIES:
  - flutter_inappwebview (from `Flutter/ephemeral/.symlinks/plugins/flutter_inappwebview/macos`)
  - FlutterMacOS (from `Flutter/ephemeral`)
  - path_provider_macos (from `Flutter/ephemeral/.symlinks/plugins/path_provider_macos/macos`)
  - shared_preferences_macos (from `Flutter/ephemeral/.symlinks/plugins/shared_preferences_macos/macos`)
  - sqflite (from `Flutter/ephemeral/.symlinks/plugins/sqflite/macos`)
  - youui (from `Flutter/ephemeral/.symlinks/plugins/youui/macos`)

SPEC REPOS:
  trunk:
    - FMDB
    - OrderedSet

EXTERNAL SOURCES:
  flutter_inappwebview:
    :path: Flutter/ephemeral/.symlinks/plugins/flutter_inappwebview/macos
  FlutterMacOS:
    :path: Flutter/ephemeral
  path_provider_macos:
    :path: Flutter/ephemeral/.symlinks/plugins/path_provider_macos/macos
  shared_preferences_macos:
    :path: Flutter/ephemeral/.symlinks/plugins/shared_preferences_macos/macos
  sqflite:
    :path: Flutter/ephemeral/.symlinks/plugins/sqflite/macos
  youui:
    :path: Flutter/ephemeral/.symlinks/plugins/youui/macos

SPEC CHECKSUMS:
  flutter_inappwebview: 62e949df616a9f6e1b0366326381f208c7fcad37
  FlutterMacOS: 8f6f14fa908a6fb3fba0cd85dbd81ec4b251fb24
  FMDB: 2ce00b547f966261cd18927a3ddb07cb6f3db82a
  OrderedSet: aaeb196f7fef5a9edf55d89760da9176ad40b93c
  path_provider_macos: 3c0c3b4b0d4a76d2bf989a913c2de869c5641a19
  shared_preferences_macos: a64dc611287ed6cbe28fd1297898db1336975727
  sqflite: a5789cceda41d54d23f31d6de539d65bb14100ea
  youui: 417e99e0c1c35f42ca9d77fb4b9d961722c4ef00

PODFILE CHECKSUM: 5b808a0df30901654fcff541424ef46ec2e8affb

COCOAPODS: 1.11.3
